
Microsoft Visual Studio Solution File, Format Version 12.00
# Visual Studio Version 17
VisualStudioVersion = 17.0.31903.59
MinimumVisualStudioVersion = 10.0.40219.1
Project("{FAE04EC0-301F-11D3-BF4B-00C04F79EFBC}") = "API", "API\API.csproj", "{02385C36-2885-4BBA-927E-A53AF896DB15}"
EndProject
Project("{FAE04EC0-301F-11D3-BF4B-00C04F79EFBC}") = "Domain", "Domain\Domain.csproj", "{F4C45808-8532-4E01-B144-8F945C6EFDC6}"
EndProject
Project("{FAE04EC0-301F-11D3-BF4B-00C04F79EFBC}") = "Application", "Application\Application.csproj", "{B65B593F-663E-4E66-8376-C75739BF4629}"
EndProject
Project("{FAE04EC0-301F-11D3-BF4B-00C04F79EFBC}") = "Persistence", "Persistence\Persistence.csproj", "{F0E07765-E685-43F5-848E-D9877A894DC7}"
EndProject
Global
	GlobalSection(SolutionConfigurationPlatforms) = preSolution
		Debug|Any CPU = Debug|Any CPU
		Debug|x64 = Debug|x64
		Debug|x86 = Debug|x86
		Release|Any CPU = Release|Any CPU
		Release|x64 = Release|x64
		Release|x86 = Release|x86
	EndGlobalSection
	GlobalSection(ProjectConfigurationPlatforms) = postSolution
		{02385C36-2885-4BBA-927E-A53AF896DB15}.Debug|Any CPU.ActiveCfg = Debug|Any CPU
		{02385C36-2885-4BBA-927E-A53AF896DB15}.Debug|Any CPU.Build.0 = Debug|Any CPU
		{02385C36-2885-4BBA-927E-A53AF896DB15}.Debug|x64.ActiveCfg = Debug|Any CPU
		{02385C36-2885-4BBA-927E-A53AF896DB15}.Debug|x64.Build.0 = Debug|Any CPU
		{02385C36-2885-4BBA-927E-A53AF896DB15}.Debug|x86.ActiveCfg = Debug|Any CPU
		{02385C36-2885-4BBA-927E-A53AF896DB15}.Debug|x86.Build.0 = Debug|Any CPU
		{02385C36-2885-4BBA-927E-A53AF896DB15}.Release|Any CPU.ActiveCfg = Release|Any CPU
		{02385C36-2885-4BBA-927E-A53AF896DB15}.Release|Any CPU.Build.0 = Release|Any CPU
		{02385C36-2885-4BBA-927E-A53AF896DB15}.Release|x64.ActiveCfg = Release|Any CPU
		{02385C36-2885-4BBA-927E-A53AF896DB15}.Release|x64.Build.0 = Release|Any CPU
		{02385C36-2885-4BBA-927E-A53AF896DB15}.Release|x86.ActiveCfg = Release|Any CPU
		{02385C36-2885-4BBA-927E-A53AF896DB15}.Release|x86.Build.0 = Release|Any CPU
		{F4C45808-8532-4E01-B144-8F945C6EFDC6}.Debug|Any CPU.ActiveCfg = Debug|Any CPU
		{F4C45808-8532-4E01-B144-8F945C6EFDC6}.Debug|Any CPU.Build.0 = Debug|Any CPU
		{F4C45808-8532-4E01-B144-8F945C6EFDC6}.Debug|x64.ActiveCfg = Debug|Any CPU
		{F4C45808-8532-4E01-B144-8F945C6EFDC6}.Debug|x64.Build.0 = Debug|Any CPU
		{F4C45808-8532-4E01-B144-8F945C6EFDC6}.Debug|x86.ActiveCfg = Debug|Any CPU
		{F4C45808-8532-4E01-B144-8F945C6EFDC6}.Debug|x86.Build.0 = Debug|Any CPU
		{F4C45808-8532-4E01-B144-8F945C6EFDC6}.Release|Any CPU.ActiveCfg = Release|Any CPU
		{F4C45808-8532-4E01-B144-8F945C6EFDC6}.Release|Any CPU.Build.0 = Release|Any CPU
		{F4C45808-8532-4E01-B144-8F945C6EFDC6}.Release|x64.ActiveCfg = Release|Any CPU
		{F4C45808-8532-4E01-B144-8F945C6EFDC6}.Release|x64.Build.0 = Release|Any CPU
		{F4C45808-8532-4E01-B144-8F945C6EFDC6}.Release|x86.ActiveCfg = Release|Any CPU
		{F4C45808-8532-4E01-B144-8F945C6EFDC6}.Release|x86.Build.0 = Release|Any CPU
		{B65B593F-663E-4E66-8376-C75739BF4629}.Debug|Any CPU.ActiveCfg = Debug|Any CPU
		{B65B593F-663E-4E66-8376-C75739BF4629}.Debug|Any CPU.Build.0 = Debug|Any CPU
		{B65B593F-663E-4E66-8376-C75739BF4629}.Debug|x64.ActiveCfg = Debug|Any CPU
		{B65B593F-663E-4E66-8376-C75739BF4629}.Debug|x64.Build.0 = Debug|Any CPU
		{B65B593F-663E-4E66-8376-C75739BF4629}.Debug|x86.ActiveCfg = Debug|Any CPU
		{B65B593F-663E-4E66-8376-C75739BF4629}.Debug|x86.Build.0 = Debug|Any CPU
		{B65B593F-663E-4E66-8376-C75739BF4629}.Release|Any CPU.ActiveCfg = Release|Any CPU
		{B65B593F-663E-4E66-8376-C75739BF4629}.Release|Any CPU.Build.0 = Release|Any CPU
		{B65B593F-663E-4E66-8376-C75739BF4629}.Release|x64.ActiveCfg = Release|Any CPU
		{B65B593F-663E-4E66-8376-C75739BF4629}.Release|x64.Build.0 = Release|Any CPU
		{B65B593F-663E-4E66-8376-C75739BF4629}.Release|x86.ActiveCfg = Release|Any CPU
		{B65B593F-663E-4E66-8376-C75739BF4629}.Release|x86.Build.0 = Release|Any CPU
		{F0E07765-E685-43F5-848E-D9877A894DC7}.Debug|Any CPU.ActiveCfg = Debug|Any CPU
		{F0E07765-E685-43F5-848E-D9877A894DC7}.Debug|Any CPU.Build.0 = Debug|Any CPU
		{F0E07765-E685-43F5-848E-D9877A894DC7}.Debug|x64.ActiveCfg = Debug|Any CPU
		{F0E07765-E685-43F5-848E-D9877A894DC7}.Debug|x64.Build.0 = Debug|Any CPU
		{F0E07765-E685-43F5-848E-D9877A894DC7}.Debug|x86.ActiveCfg = Debug|Any CPU
		{F0E07765-E685-43F5-848E-D9877A894DC7}.Debug|x86.Build.0 = Debug|Any CPU
		{F0E07765-E685-43F5-848E-D9877A894DC7}.Release|Any CPU.ActiveCfg = Release|Any CPU
		{F0E07765-E685-43F5-848E-D9877A894DC7}.Release|Any CPU.Build.0 = Release|Any CPU
		{F0E07765-E685-43F5-848E-D9877A894DC7}.Release|x64.ActiveCfg = Release|Any CPU
		{F0E07765-E685-43F5-848E-D9877A894DC7}.Release|x64.Build.0 = Release|Any CPU
		{F0E07765-E685-43F5-848E-D9877A894DC7}.Release|x86.ActiveCfg = Release|Any CPU
		{F0E07765-E685-43F5-848E-D9877A894DC7}.Release|x86.Build.0 = Release|Any CPU
	EndGlobalSection
	GlobalSection(SolutionProperties) = preSolution
		HideSolutionNode = FALSE
	EndGlobalSection
EndGlobal
